
Microsoft Visual Studio Solution File, Format Version 12.00
# Visual Studio Version 16
VisualStudioVersion = 16.0.30204.135
MinimumVisualStudioVersion = 10.0.40219.1
Project("{FAE04EC0-301F-11D3-BF4B-00C04F79EFBC}") = "ASPNETPractice1", "ASPNETPractice1\ASPNETPractice1.csproj", "{22A21338-BE16-4009-B780-8CECCE9D38AA}"
EndProject
Global
	GlobalSection(SolutionConfigurationPlatforms) = preSolution
		Debug|Any CPU = Debug|Any CPU
		Release|Any CPU = Release|Any CPU
	EndGlobalSection
	GlobalSection(ProjectConfigurationPlatforms) = postSolution
		{22A21338-BE16-4009-B780-8CECCE9D38AA}.Debug|Any CPU.ActiveCfg = Debug|Any CPU
		{22A21338-BE16-4009-B780-8CECCE9D38AA}.Debug|Any CPU.Build.0 = Debug|Any CPU
		{22A21338-BE16-4009-B780-8CECCE9D38AA}.Release|Any CPU.ActiveCfg = Release|Any CPU
		{22A21338-BE16-4009-B780-8CECCE9D38AA}.Release|Any CPU.Build.0 = Release|Any CPU
	EndGlobalSection
	GlobalSection(SolutionProperties) = preSolution
		HideSolutionNode = FALSE
	EndGlobalSection
	GlobalSection(ExtensibilityGlobals) = postSolution
		SolutionGuid = {CB007A57-86B6-413E-BFE0-678EE3E582F4}
	EndGlobalSection
EndGlobal
